// !$*UTF8*$!
{
	archiveVersion = 1;
	classes = {
	};
	objectVersion = 77;
	objects = {

/* Begin PBXBuildFile section */
		05A01214619121DDFC3D9775 /* TutorSession.swift in Sources */ = {isa = PBXBuildFile; fileRef = 0FD8EE9DD8ABC6D38EAAB09A /* TutorSession.swift */; };
		0639B1DDF9A8D95C367EAA1F /* MarkRegistry.swift in Sources */ = {isa = PBXBuildFile; fileRef = 6C8E6D28DFEF18F60EA452E3 /* MarkRegistry.swift */; };
		2023850D6F4E2FCFD177708B /* Glyphs.generated.swift in Sources */ = {isa = PBXBuildFile; fileRef = 4820CB321413562DEE8DDF1F /* Glyphs.generated.swift */; };
		2056F5EC2730DD9D6C533665 /* TutorCoordinator.swift in Sources */ = {isa = PBXBuildFile; fileRef = 179C5278DA23CB59F9A16EC3 /* TutorCoordinator.swift */; };
		3052D8FB174DBE26F0A826CF /* TagParser.swift in Sources */ = {isa = PBXBuildFile; fileRef = D196AF68BEE8C2465A595D25 /* TagParser.swift */; };
		373CB24A59246494E3C9D2BC /* TutorWriter.swift in Sources */ = {isa = PBXBuildFile; fileRef = 185DBF7713BBF1DB3F647771 /* TutorWriter.swift */; };
		38F9BE32A659E49F85211289 /* CanvasScreen.swift in Sources */ = {isa = PBXBuildFile; fileRef = 4D8A2F6E513737A88D93FB9C /* CanvasScreen.swift */; };
		433E67C39E7330CA330EE7BA /* PlaceholderTests.swift in Sources */ = {isa = PBXBuildFile; fileRef = 657295A3C4B7C4D0ED19F627 /* PlaceholderTests.swift */; };
		4BFF8C72615C8C772A845DED /* Problems.swift in Sources */ = {isa = PBXBuildFile; fileRef = 6BFA4FA8256279B9013AFF2F /* Problems.swift */; };
		511147B0E421F4BA44E84130 /* TagParserTests.swift in Sources */ = {isa = PBXBuildFile; fileRef = FD7C4670EEF4DEFD9210D6BC /* TagParserTests.swift */; };
		5D679BEBDAA0C3EDF4679DB4 /* Snapshot.swift in Sources */ = {isa = PBXBuildFile; fileRef = 4D5BC5008BAB4F838B9A10E5 /* Snapshot.swift */; };
		6BB65BAB175A0845D6E31F97 /* TutorCoordinatorTests.swift in Sources */ = {isa = PBXBuildFile; fileRef = E60802D0720C666C6E70F543 /* TutorCoordinatorTests.swift */; };
		6C5D2B600D4C6862F5967DEE /* AnnotationOverlayView.swift in Sources */ = {isa = PBXBuildFile; fileRef = D5663BAFA5DF124EA03FC950 /* AnnotationOverlayView.swift */; };
		731AC6B6EE8ADFDD39BF6773 /* MarkRegistryTests.swift in Sources */ = {isa = PBXBuildFile; fileRef = FB2122238A680F792BB5C8B2 /* MarkRegistryTests.swift */; };
		762A1C26DDFA516824068412 /* assignment.pdf in Resources */ = {isa = PBXBuildFile; fileRef = 637A7394525D3B9DF4BF8288 /* assignment.pdf */; };
		7B3EA07447AA52C8843000B8 /* PageModel.swift in Sources */ = {isa = PBXBuildFile; fileRef = 483F622626E09F2F5B1CBB50 /* PageModel.swift */; };
		8B73FC6C8B4A29064F2D77EB /* SwiftMath in Frameworks */ = {isa = PBXBuildFile; productRef = 54B8B024BD1AABCAB7364844 /* SwiftMath */; };
		8BD13F3D6FAD1AA3F7403A9E /* WebRTC in Frameworks */ = {isa = PBXBuildFile; productRef = 3B3516D40872201B9DB26222 /* WebRTC */; };
		A1CA8E047C79B7341D79CA6A /* TutorLog.swift in Sources */ = {isa = PBXBuildFile; fileRef = 89F69BBA8C8E4B46B99F469E /* TutorLog.swift */; };
		A9CACA6730C593CDAF601E24 /* worksheet-equations-word-problems.pdf in Resources */ = {isa = PBXBuildFile; fileRef = E2ADF9C29B4AADB88A787555 /* worksheet-equations-word-problems.pdf */; };
		AF7EED1F8A85198477B4C374 /* RealtimeSession.swift in Sources */ = {isa = PBXBuildFile; fileRef = 6266234957DDEE9D4EE9D5AE /* RealtimeSession.swift */; };
		B34D0FD719CE512541A84923 /* AnnotationGeometryTests.swift in Sources */ = {isa = PBXBuildFile; fileRef = B430EA41F546F95E59677D13 /* AnnotationGeometryTests.swift */; };
		C0E1CB681561D37327B4C697 /* Config.swift in Sources */ = {isa = PBXBuildFile; fileRef = BEE3EC710F28F03357F0DAF8 /* Config.swift */; };
		C3F4AA3418C6E95AB58D2D6B /* CanvasView.swift in Sources */ = {isa = PBXBuildFile; fileRef = 81A1161D5201C918F39AABDC /* CanvasView.swift */; };
		CD07A64BF354BE16EE9A9FAB /* InkTutorApp.swift in Sources */ = {isa = PBXBuildFile; fileRef = 173B6CA5575873348E765E1E /* InkTutorApp.swift */; };
		DE0F70914330DB14452EEEFD /* VoiceBarView.swift in Sources */ = {isa = PBXBuildFile; fileRef = 725A77CC7DBDBDE2D2F8BB47 /* VoiceBarView.swift */; };
		DEC87AD64D75BC4AF4C3C9C6 /* SnapshotTransformTests.swift in Sources */ = {isa = PBXBuildFile; fileRef = 50BCDD75EB177C5B15EAA3B5 /* SnapshotTransformTests.swift */; };
		EEEE9366B602E8D347211F01 /* TutorWriterVisualHarness.swift in Sources */ = {isa = PBXBuildFile; fileRef = 30468703B0FE9BC1A8479CC4 /* TutorWriterVisualHarness.swift */; };
		FD900F3D04655AD9D5144B26 /* TutorWriterTests.swift in Sources */ = {isa = PBXBuildFile; fileRef = 773410DD75622CCDAD81D8FA /* TutorWriterTests.swift */; };
/* End PBXBuildFile section */

/* Begin PBXContainerItemProxy section */
		29453C9318F71EC920C7D1C7 /* PBXContainerItemProxy */ = {
			isa = PBXContainerItemProxy;
			containerPortal = 38F184FC177180796963A9F2 /* Project object */;
			proxyType = 1;
			remoteGlobalIDString = 600CD734224C6A9799006E54;
			remoteInfo = InkTutor;
		};
/* End PBXContainerItemProxy section */

/* Begin PBXFileReference section */
		0FD8EE9DD8ABC6D38EAAB09A /* TutorSession.swift */ = {isa = PBXFileReference; lastKnownFileType = sourcecode.swift; path = TutorSession.swift; sourceTree = "<group>"; };
		173B6CA5575873348E765E1E /* InkTutorApp.swift */ = {isa = PBXFileReference; lastKnownFileType = sourcecode.swift; path = InkTutorApp.swift; sourceTree = "<group>"; };
		179C5278DA23CB59F9A16EC3 /* TutorCoordinator.swift */ = {isa = PBXFileReference; lastKnownFileType = sourcecode.swift; path = TutorCoordinator.swift; sourceTree = "<group>"; };
		185DBF7713BBF1DB3F647771 /* TutorWriter.swift */ = {isa = PBXFileReference; lastKnownFileType = sourcecode.swift; path = TutorWriter.swift; sourceTree = "<group>"; };
		30468703B0FE9BC1A8479CC4 /* TutorWriterVisualHarness.swift */ = {isa = PBXFileReference; lastKnownFileType = sourcecode.swift; path = TutorWriterVisualHarness.swift; sourceTree = "<group>"; };
		4820CB321413562DEE8DDF1F /* Glyphs.generated.swift */ = {isa = PBXFileReference; lastKnownFileType = sourcecode.swift; path = Glyphs.generated.swift; sourceTree = "<group>"; };
		483F622626E09F2F5B1CBB50 /* PageModel.swift */ = {isa = PBXFileReference; lastKnownFileType = sourcecode.swift; path = PageModel.swift; sourceTree = "<group>"; };
		4D5BC5008BAB4F838B9A10E5 /* Snapshot.swift */ = {isa = PBXFileReference; lastKnownFileType = sourcecode.swift; path = Snapshot.swift; sourceTree = "<group>"; };
		4D8A2F6E513737A88D93FB9C /* CanvasScreen.swift */ = {isa = PBXFileReference; lastKnownFileType = sourcecode.swift; path = CanvasScreen.swift; sourceTree = "<group>"; };
		50BCDD75EB177C5B15EAA3B5 /* SnapshotTransformTests.swift */ = {isa = PBXFileReference; lastKnownFileType = sourcecode.swift; path = SnapshotTransformTests.swift; sourceTree = "<group>"; };
		6266234957DDEE9D4EE9D5AE /* RealtimeSession.swift */ = {isa = PBXFileReference; lastKnownFileType = sourcecode.swift; path = RealtimeSession.swift; sourceTree = "<group>"; };
		637A7394525D3B9DF4BF8288 /* assignment.pdf */ = {isa = PBXFileReference; lastKnownFileType = image.pdf; path = assignment.pdf; sourceTree = "<group>"; };
		657295A3C4B7C4D0ED19F627 /* PlaceholderTests.swift */ = {isa = PBXFileReference; lastKnownFileType = sourcecode.swift; path = PlaceholderTests.swift; sourceTree = "<group>"; };
		6BFA4FA8256279B9013AFF2F /* Problems.swift */ = {isa = PBXFileReference; lastKnownFileType = sourcecode.swift; path = Problems.swift; sourceTree = "<group>"; };
		6C8E6D28DFEF18F60EA452E3 /* MarkRegistry.swift */ = {isa = PBXFileReference; lastKnownFileType = sourcecode.swift; path = MarkRegistry.swift; sourceTree = "<group>"; };
		725A77CC7DBDBDE2D2F8BB47 /* VoiceBarView.swift */ = {isa = PBXFileReference; lastKnownFileType = sourcecode.swift; path = VoiceBarView.swift; sourceTree = "<group>"; };
		773410DD75622CCDAD81D8FA /* TutorWriterTests.swift */ = {isa = PBXFileReference; lastKnownFileType = sourcecode.swift; path = TutorWriterTests.swift; sourceTree = "<group>"; };
		81A1161D5201C918F39AABDC /* CanvasView.swift */ = {isa = PBXFileReference; lastKnownFileType = sourcecode.swift; path = CanvasView.swift; sourceTree = "<group>"; };
		89F69BBA8C8E4B46B99F469E /* TutorLog.swift */ = {isa = PBXFileReference; lastKnownFileType = sourcecode.swift; path = TutorLog.swift; sourceTree = "<group>"; };
		B430EA41F546F95E59677D13 /* AnnotationGeometryTests.swift */ = {isa = PBXFileReference; lastKnownFileType = sourcecode.swift; path = AnnotationGeometryTests.swift; sourceTree = "<group>"; };
		BA868DA7B0C07E34149845E2 /* InkTutor.app */ = {isa = PBXFileReference; includeInIndex = 0; lastKnownFileType = wrapper.application; path = InkTutor.app; sourceTree = BUILT_PRODUCTS_DIR; };
		BEE3EC710F28F03357F0DAF8 /* Config.swift */ = {isa = PBXFileReference; lastKnownFileType = sourcecode.swift; path = Config.swift; sourceTree = "<group>"; };
		D196AF68BEE8C2465A595D25 /* TagParser.swift */ = {isa = PBXFileReference; lastKnownFileType = sourcecode.swift; path = TagParser.swift; sourceTree = "<group>"; };
		D5663BAFA5DF124EA03FC950 /* AnnotationOverlayView.swift */ = {isa = PBXFileReference; lastKnownFileType = sourcecode.swift; path = AnnotationOverlayView.swift; sourceTree = "<group>"; };
		E2ADF9C29B4AADB88A787555 /* worksheet-equations-word-problems.pdf */ = {isa = PBXFileReference; lastKnownFileType = image.pdf; path = "worksheet-equations-word-problems.pdf"; sourceTree = "<group>"; };
		E60802D0720C666C6E70F543 /* TutorCoordinatorTests.swift */ = {isa = PBXFileReference; lastKnownFileType = sourcecode.swift; path = TutorCoordinatorTests.swift; sourceTree = "<group>"; };
		F7B5C3F12C01BFE47F2C00E9 /* InkTutorTests.xctest */ = {isa = PBXFileReference; includeInIndex = 0; lastKnownFileType = wrapper.cfbundle; path = InkTutorTests.xctest; sourceTree = BUILT_PRODUCTS_DIR; };
		FB2122238A680F792BB5C8B2 /* MarkRegistryTests.swift */ = {isa = PBXFileReference; lastKnownFileType = sourcecode.swift; path = MarkRegistryTests.swift; sourceTree = "<group>"; };
		FD7C4670EEF4DEFD9210D6BC /* TagParserTests.swift */ = {isa = PBXFileReference; lastKnownFileType = sourcecode.swift; path = TagParserTests.swift; sourceTree = "<group>"; };
/* End PBXFileReference section */

/* Begin PBXFrameworksBuildPhase section */
		E4EA74749928FF16DCAA4ECE /* Frameworks */ = {
			isa = PBXFrameworksBuildPhase;
			buildActionMask = 2147483647;
			files = (
				8BD13F3D6FAD1AA3F7403A9E /* WebRTC in Frameworks */,
				8B73FC6C8B4A29064F2D77EB /* SwiftMath in Frameworks */,
			);
			runOnlyForDeploymentPostprocessing = 0;
		};
/* End PBXFrameworksBuildPhase section */

/* Begin PBXGroup section */
		1EA77254019FE876FC4DC37B /* Resources */ = {
			isa = PBXGroup;
			children = (
				637A7394525D3B9DF4BF8288 /* assignment.pdf */,
				E2ADF9C29B4AADB88A787555 /* worksheet-equations-word-problems.pdf */,
			);
			path = Resources;
			sourceTree = "<group>";
		};
		69050CA608CB87B43A3480F2 /* InkTutor */ = {
			isa = PBXGroup;
			children = (
				D5663BAFA5DF124EA03FC950 /* AnnotationOverlayView.swift */,
				4D8A2F6E513737A88D93FB9C /* CanvasScreen.swift */,
				81A1161D5201C918F39AABDC /* CanvasView.swift */,
				BEE3EC710F28F03357F0DAF8 /* Config.swift */,
				4820CB321413562DEE8DDF1F /* Glyphs.generated.swift */,
				173B6CA5575873348E765E1E /* InkTutorApp.swift */,
				6C8E6D28DFEF18F60EA452E3 /* MarkRegistry.swift */,
				483F622626E09F2F5B1CBB50 /* PageModel.swift */,
				6BFA4FA8256279B9013AFF2F /* Problems.swift */,
				6266234957DDEE9D4EE9D5AE /* RealtimeSession.swift */,
				4D5BC5008BAB4F838B9A10E5 /* Snapshot.swift */,
				D196AF68BEE8C2465A595D25 /* TagParser.swift */,
				179C5278DA23CB59F9A16EC3 /* TutorCoordinator.swift */,
				89F69BBA8C8E4B46B99F469E /* TutorLog.swift */,
				0FD8EE9DD8ABC6D38EAAB09A /* TutorSession.swift */,
				185DBF7713BBF1DB3F647771 /* TutorWriter.swift */,
				725A77CC7DBDBDE2D2F8BB47 /* VoiceBarView.swift */,
				1EA77254019FE876FC4DC37B /* Resources */,
			);
			path = InkTutor;
			sourceTree = "<group>";
		};
		7E1F7DACB550647FB7386C27 /* InkTutorTests */ = {
			isa = PBXGroup;
			children = (
				B430EA41F546F95E59677D13 /* AnnotationGeometryTests.swift */,
				FB2122238A680F792BB5C8B2 /* MarkRegistryTests.swift */,
				657295A3C4B7C4D0ED19F627 /* PlaceholderTests.swift */,
				50BCDD75EB177C5B15EAA3B5 /* SnapshotTransformTests.swift */,
				FD7C4670EEF4DEFD9210D6BC /* TagParserTests.swift */,
				E60802D0720C666C6E70F543 /* TutorCoordinatorTests.swift */,
				773410DD75622CCDAD81D8FA /* TutorWriterTests.swift */,
				30468703B0FE9BC1A8479CC4 /* TutorWriterVisualHarness.swift */,
			);
			path = InkTutorTests;
			sourceTree = "<group>";
		};
		950474E076187D3E4665C432 = {
			isa = PBXGroup;
			children = (
				69050CA608CB87B43A3480F2 /* InkTutor */,
				7E1F7DACB550647FB7386C27 /* InkTutorTests */,
				FA0B4F9C06BA12D858587F07 /* Products */,
			);
			sourceTree = "<group>";
		};
		FA0B4F9C06BA12D858587F07 /* Products */ = {
			isa = PBXGroup;
			children = (
				BA868DA7B0C07E34149845E2 /* InkTutor.app */,
				F7B5C3F12C01BFE47F2C00E9 /* InkTutorTests.xctest */,
			);
			name = Products;
			sourceTree = "<group>";
		};
/* End PBXGroup section */

/* Begin PBXNativeTarget section */
		600CD734224C6A9799006E54 /* InkTutor */ = {
			isa = PBXNativeTarget;
			buildConfigurationList = BA84B54C58F74F67A2A08BE6 /* Build configuration list for PBXNativeTarget "InkTutor" */;
			buildPhases = (
				C7CF2D181550F753E366FB80 /* Sources */,
				D0D70021B377E2843350C33E /* Resources */,
				E4EA74749928FF16DCAA4ECE /* Frameworks */,
			);
			buildRules = (
			);
			dependencies = (
			);
			name = InkTutor;
			packageProductDependencies = (
				3B3516D40872201B9DB26222 /* WebRTC */,
				54B8B024BD1AABCAB7364844 /* SwiftMath */,
			);
			productName = InkTutor;
			productReference = BA868DA7B0C07E34149845E2 /* InkTutor.app */;
			productType = "com.apple.product-type.application";
		};
		A176DBBE238375384677B44A /* InkTutorTests */ = {
			isa = PBXNativeTarget;
			buildConfigurationList = 0A8948C99088ABE4B304E5AF /* Build configuration list for PBXNativeTarget "InkTutorTests" */;
			buildPhases = (
				714A272C286EBFEA59743FBD /* Sources */,
			);
			buildRules = (
			);
			dependencies = (
				3443A9200F9EFEA55C280E8D /* PBXTargetDependency */,
			);
			name = InkTutorTests;
			packageProductDependencies = (
			);
			productName = InkTutorTests;
			productReference = F7B5C3F12C01BFE47F2C00E9 /* InkTutorTests.xctest */;
			productType = "com.apple.product-type.bundle.unit-test";
		};
/* End PBXNativeTarget section */

/* Begin PBXProject section */
		38F184FC177180796963A9F2 /* Project object */ = {
			isa = PBXProject;
			attributes = {
				BuildIndependentTargetsInParallel = YES;
				LastUpgradeCheck = 1430;
				TargetAttributes = {
					600CD734224C6A9799006E54 = {
						DevelopmentTeam = 9GAK47LFPY;
						ProvisioningStyle = Automatic;
					};
				};
			};
			buildConfigurationList = 05B2808D0AB967255B8CEF7D /* Build configuration list for PBXProject "InkTutor" */;
			developmentRegion = en;
			hasScannedForEncodings = 0;
			knownRegions = (
				Base,
				en,
			);
			mainGroup = 950474E076187D3E4665C432;
			minimizedProjectReferenceProxies = 1;
			packageReferences = (
				C5CB20B2A8875FADE634F949 /* XCRemoteSwiftPackageReference "SwiftMath" */,
				F0DDA7AF2BA84D26657EAFBF /* XCRemoteSwiftPackageReference "WebRTC" */,
			);
			preferredProjectObjectVersion = 77;
			productRefGroup = FA0B4F9C06BA12D858587F07 /* Products */;
			projectDirPath = "";
			projectRoot = "";
			targets = (
				600CD734224C6A9799006E54 /* InkTutor */,
				A176DBBE238375384677B44A /* InkTutorTests */,
			);
		};
/* End PBXProject section */

/* Begin PBXResourcesBuildPhase section */
		D0D70021B377E2843350C33E /* Resources */ = {
			isa = PBXResourcesBuildPhase;
			buildActionMask = 2147483647;
			files = (
				762A1C26DDFA516824068412 /* assignment.pdf in Resources */,
				A9CACA6730C593CDAF601E24 /* worksheet-equations-word-problems.pdf in Resources */,
			);
			runOnlyForDeploymentPostprocessing = 0;
		};
/* End PBXResourcesBuildPhase section */

/* Begin PBXSourcesBuildPhase section */
		714A272C286EBFEA59743FBD /* Sources */ = {
			isa = PBXSourcesBuildPhase;
			buildActionMask = 2147483647;
			files = (
				B34D0FD719CE512541A84923 /* AnnotationGeometryTests.swift in Sources */,
				731AC6B6EE8ADFDD39BF6773 /* MarkRegistryTests.swift in Sources */,
				433E67C39E7330CA330EE7BA /* PlaceholderTests.swift in Sources */,
				DEC87AD64D75BC4AF4C3C9C6 /* SnapshotTransformTests.swift in Sources */,
				511147B0E421F4BA44E84130 /* TagParserTests.swift in Sources */,
				6BB65BAB175A0845D6E31F97 /* TutorCoordinatorTests.swift in Sources */,
				FD900F3D04655AD9D5144B26 /* TutorWriterTests.swift in Sources */,
				EEEE9366B602E8D347211F01 /* TutorWriterVisualHarness.swift in Sources */,
			);
			runOnlyForDeploymentPostprocessing = 0;
		};
		C7CF2D181550F753E366FB80 /* Sources */ = {
			isa = PBXSourcesBuildPhase;
			buildActionMask = 2147483647;
			files = (
				6C5D2B600D4C6862F5967DEE /* AnnotationOverlayView.swift in Sources */,
				38F9BE32A659E49F85211289 /* CanvasScreen.swift in Sources */,
				C3F4AA3418C6E95AB58D2D6B /* CanvasView.swift in Sources */,
				C0E1CB681561D37327B4C697 /* Config.swift in Sources */,
				2023850D6F4E2FCFD177708B /* Glyphs.generated.swift in Sources */,
				CD07A64BF354BE16EE9A9FAB /* InkTutorApp.swift in Sources */,
				0639B1DDF9A8D95C367EAA1F /* MarkRegistry.swift in Sources */,
				7B3EA07447AA52C8843000B8 /* PageModel.swift in Sources */,
				4BFF8C72615C8C772A845DED /* Problems.swift in Sources */,
				AF7EED1F8A85198477B4C374 /* RealtimeSession.swift in Sources */,
				5D679BEBDAA0C3EDF4679DB4 /* Snapshot.swift in Sources */,
				3052D8FB174DBE26F0A826CF /* TagParser.swift in Sources */,
				2056F5EC2730DD9D6C533665 /* TutorCoordinator.swift in Sources */,
				A1CA8E047C79B7341D79CA6A /* TutorLog.swift in Sources */,
				05A01214619121DDFC3D9775 /* TutorSession.swift in Sources */,
				373CB24A59246494E3C9D2BC /* TutorWriter.swift in Sources */,
				DE0F70914330DB14452EEEFD /* VoiceBarView.swift in Sources */,
			);
			runOnlyForDeploymentPostprocessing = 0;
		};
/* End PBXSourcesBuildPhase section */

/* Begin PBXTargetDependency section */
		3443A9200F9EFEA55C280E8D /* PBXTargetDependency */ = {
			isa = PBXTargetDependency;
			target = 600CD734224C6A9799006E54 /* InkTutor */;
			targetProxy = 29453C9318F71EC920C7D1C7 /* PBXContainerItemProxy */;
		};
/* End PBXTargetDependency section */

/* Begin XCBuildConfiguration section */
		0225533DD195E499EEA6C69F /* Debug */ = {
			isa = XCBuildConfiguration;
			buildSettings = {
				BUNDLE_LOADER = "$(TEST_HOST)";
				GENERATE_INFOPLIST_FILE = YES;
				LD_RUNPATH_SEARCH_PATHS = (
					"$(inherited)",
					"@executable_path/Frameworks",
					"@loader_path/Frameworks",
				);
				PRODUCT_BUNDLE_IDENTIFIER = com.tutorai.InkTutorTests;
				SDKROOT = iphoneos;
				TARGETED_DEVICE_FAMILY = "1,2";
				TEST_HOST = "$(BUILT_PRODUCTS_DIR)/InkTutor.app/InkTutor";
			};
			name = Debug;
		};
		166072EE987C37123B1996A1 /* Release */ = {
			isa = XCBuildConfiguration;
			buildSettings = {
				ALWAYS_SEARCH_USER_PATHS = NO;
				CLANG_ANALYZER_NONNULL = YES;
				CLANG_ANALYZER_NUMBER_OBJECT_CONVERSION = YES_AGGRESSIVE;
				CLANG_CXX_LANGUAGE_STANDARD = "gnu++14";
				CLANG_CXX_LIBRARY = "libc++";
				CLANG_ENABLE_MODULES = YES;
				CLANG_ENABLE_OBJC_ARC = YES;
				CLANG_ENABLE_OBJC_WEAK = YES;
				CLANG_WARN_BLOCK_CAPTURE_AUTORELEASING = YES;
				CLANG_WARN_BOOL_CONVERSION = YES;
				CLANG_WARN_COMMA = YES;
				CLANG_WARN_CONSTANT_CONVERSION = YES;
				CLANG_WARN_DEPRECATED_OBJC_IMPLEMENTATIONS = YES;
				CLANG_WARN_DIRECT_OBJC_ISA_USAGE = YES_ERROR;
				CLANG_WARN_DOCUMENTATION_COMMENTS = YES;
				CLANG_WARN_EMPTY_BODY = YES;
				CLANG_WARN_ENUM_CONVERSION = YES;
				CLANG_WARN_INFINITE_RECURSION = YES;
				CLANG_WARN_INT_CONVERSION = YES;
				CLANG_WARN_NON_LITERAL_NULL_CONVERSION = YES;
				CLANG_WARN_OBJC_IMPLICIT_RETAIN_SELF = YES;
				CLANG_WARN_OBJC_LITERAL_CONVERSION = YES;
				CLANG_WARN_OBJC_ROOT_CLASS = YES_ERROR;
				CLANG_WARN_QUOTED_INCLUDE_IN_FRAMEWORK_HEADER = YES;
				CLANG_WARN_RANGE_LOOP_ANALYSIS = YES;
				CLANG_WARN_STRICT_PROTOTYPES = YES;
				CLANG_WARN_SUSPICIOUS_MOVE = YES;
				CLANG_WARN_UNGUARDED_AVAILABILITY = YES_AGGRESSIVE;
				CLANG_WARN_UNREACHABLE_CODE = YES;
				CLANG_WARN__DUPLICATE_METHOD_MATCH = YES;
				COPY_PHASE_STRIP = NO;
				DEBUG_INFORMATION_FORMAT = "dwarf-with-dsym";
				ENABLE_NS_ASSERTIONS = NO;
				ENABLE_STRICT_OBJC_MSGSEND = YES;
				GCC_C_LANGUAGE_STANDARD = gnu11;
				GCC_NO_COMMON_BLOCKS = YES;
				GCC_WARN_64_TO_32_BIT_CONVERSION = YES;
				GCC_WARN_ABOUT_RETURN_TYPE = YES_ERROR;
				GCC_WARN_UNDECLARED_SELECTOR = YES;
				GCC_WARN_UNINITIALIZED_AUTOS = YES_AGGRESSIVE;
				GCC_WARN_UNUSED_FUNCTION = YES;
				GCC_WARN_UNUSED_VARIABLE = YES;
				IPHONEOS_DEPLOYMENT_TARGET = 17.0;
				MTL_ENABLE_DEBUG_INFO = NO;
				MTL_FAST_MATH = YES;
				PRODUCT_NAME = "$(TARGET_NAME)";
				SDKROOT = iphoneos;
				SWIFT_COMPILATION_MODE = wholemodule;
				SWIFT_OPTIMIZATION_LEVEL = "-O";
				SWIFT_VERSION = 5.0;
			};
			name = Release;
		};
		367205BF55FB0A850C989A39 /* Release */ = {
			isa = XCBuildConfiguration;
			buildSettings = {
				ASSETCATALOG_COMPILER_APPICON_NAME = AppIcon;
				CODE_SIGN_IDENTITY = "iPhone Developer";
				CODE_SIGN_STYLE = Automatic;
				DEVELOPMENT_TEAM = 9GAK47LFPY;
				GENERATE_INFOPLIST_FILE = YES;
				INFOPLIST_KEY_NSMicrophoneUsageDescription = "InkTutor uses the microphone so you can talk to your tutor.";
				INFOPLIST_KEY_UISupportedInterfaceOrientations = "UIInterfaceOrientationPortrait UIInterfaceOrientationPortraitUpsideDown";
				INFOPLIST_KEY_UIUserInterfaceStyle = Light;
				LD_RUNPATH_SEARCH_PATHS = (
					"$(inherited)",
					"@executable_path/Frameworks",
				);
				PRODUCT_BUNDLE_IDENTIFIER = com.tutorai.inktutor;
				SDKROOT = iphoneos;
				TARGETED_DEVICE_FAMILY = 2;
			};
			name = Release;
		};
		528743CC94339F3D15D72A10 /* Release */ = {
			isa = XCBuildConfiguration;
			buildSettings = {
				BUNDLE_LOADER = "$(TEST_HOST)";
				GENERATE_INFOPLIST_FILE = YES;
				LD_RUNPATH_SEARCH_PATHS = (
					"$(inherited)",
					"@executable_path/Frameworks",
					"@loader_path/Frameworks",
				);
				PRODUCT_BUNDLE_IDENTIFIER = com.tutorai.InkTutorTests;
				SDKROOT = iphoneos;
				TARGETED_DEVICE_FAMILY = "1,2";
				TEST_HOST = "$(BUILT_PRODUCTS_DIR)/InkTutor.app/InkTutor";
			};
			name = Release;
		};
		6B713FC17381C36502FC8E7C /* Debug */ = {
			isa = XCBuildConfiguration;
			buildSettings = {
				ASSETCATALOG_COMPILER_APPICON_NAME = AppIcon;
				CODE_SIGN_IDENTITY = "iPhone Developer";
				CODE_SIGN_STYLE = Automatic;
				DEVELOPMENT_TEAM = 9GAK47LFPY;
				GENERATE_INFOPLIST_FILE = YES;
				INFOPLIST_KEY_NSMicrophoneUsageDescription = "InkTutor uses the microphone so you can talk to your tutor.";
				INFOPLIST_KEY_UISupportedInterfaceOrientations = "UIInterfaceOrientationPortrait UIInterfaceOrientationPortraitUpsideDown";
				INFOPLIST_KEY_UIUserInterfaceStyle = Light;
				LD_RUNPATH_SEARCH_PATHS = (
					"$(inherited)",
					"@executable_path/Frameworks",
				);
				PRODUCT_BUNDLE_IDENTIFIER = com.tutorai.inktutor;
				SDKROOT = iphoneos;
				TARGETED_DEVICE_FAMILY = 2;
			};
			name = Debug;
		};
		D845393F24C49FAF730B55D6 /* Debug */ = {
			isa = XCBuildConfiguration;
			buildSettings = {
				ALWAYS_SEARCH_USER_PATHS = NO;
				CLANG_ANALYZER_NONNULL = YES;
				CLANG_ANALYZER_NUMBER_OBJECT_CONVERSION = YES_AGGRESSIVE;
				CLANG_CXX_LANGUAGE_STANDARD = "gnu++14";
				CLANG_CXX_LIBRARY = "libc++";
				CLANG_ENABLE_MODULES = YES;
				CLANG_ENABLE_OBJC_ARC = YES;
				CLANG_ENABLE_OBJC_WEAK = YES;
				CLANG_WARN_BLOCK_CAPTURE_AUTORELEASING = YES;
				CLANG_WARN_BOOL_CONVERSION = YES;
				CLANG_WARN_COMMA = YES;
				CLANG_WARN_CONSTANT_CONVERSION = YES;
				CLANG_WARN_DEPRECATED_OBJC_IMPLEMENTATIONS = YES;
				CLANG_WARN_DIRECT_OBJC_ISA_USAGE = YES_ERROR;
				CLANG_WARN_DOCUMENTATION_COMMENTS = YES;
				CLANG_WARN_EMPTY_BODY = YES;
				CLANG_WARN_ENUM_CONVERSION = YES;
				CLANG_WARN_INFINITE_RECURSION = YES;
				CLANG_WARN_INT_CONVERSION = YES;
				CLANG_WARN_NON_LITERAL_NULL_CONVERSION = YES;
				CLANG_WARN_OBJC_IMPLICIT_RETAIN_SELF = YES;
				CLANG_WARN_OBJC_LITERAL_CONVERSION = YES;
				CLANG_WARN_OBJC_ROOT_CLASS = YES_ERROR;
				CLANG_WARN_QUOTED_INCLUDE_IN_FRAMEWORK_HEADER = YES;
				CLANG_WARN_RANGE_LOOP_ANALYSIS = YES;
				CLANG_WARN_STRICT_PROTOTYPES = YES;
				CLANG_WARN_SUSPICIOUS_MOVE = YES;
				CLANG_WARN_UNGUARDED_AVAILABILITY = YES_AGGRESSIVE;
				CLANG_WARN_UNREACHABLE_CODE = YES;
				CLANG_WARN__DUPLICATE_METHOD_MATCH = YES;
				COPY_PHASE_STRIP = NO;
				DEBUG_INFORMATION_FORMAT = dwarf;
				ENABLE_STRICT_OBJC_MSGSEND = YES;
				ENABLE_TESTABILITY = YES;
				GCC_C_LANGUAGE_STANDARD = gnu11;
				GCC_DYNAMIC_NO_PIC = NO;
				GCC_NO_COMMON_BLOCKS = YES;
				GCC_OPTIMIZATION_LEVEL = 0;
				GCC_PREPROCESSOR_DEFINITIONS = (
					"$(inherited)",
					"DEBUG=1",
				);
				GCC_WARN_64_TO_32_BIT_CONVERSION = YES;
				GCC_WARN_ABOUT_RETURN_TYPE = YES_ERROR;
				GCC_WARN_UNDECLARED_SELECTOR = YES;
				GCC_WARN_UNINITIALIZED_AUTOS = YES_AGGRESSIVE;
				GCC_WARN_UNUSED_FUNCTION = YES;
				GCC_WARN_UNUSED_VARIABLE = YES;
				IPHONEOS_DEPLOYMENT_TARGET = 17.0;
				MTL_ENABLE_DEBUG_INFO = INCLUDE_SOURCE;
				MTL_FAST_MATH = YES;
				ONLY_ACTIVE_ARCH = YES;
				PRODUCT_NAME = "$(TARGET_NAME)";
				SDKROOT = iphoneos;
				SWIFT_ACTIVE_COMPILATION_CONDITIONS = DEBUG;
				SWIFT_OPTIMIZATION_LEVEL = "-Onone";
				SWIFT_VERSION = 5.0;
			};
			name = Debug;
		};
/* End XCBuildConfiguration section */

/* Begin XCConfigurationList section */
		05B2808D0AB967255B8CEF7D /* Build configuration list for PBXProject "InkTutor" */ = {
			isa = XCConfigurationList;
			buildConfigurations = (
				D845393F24C49FAF730B55D6 /* Debug */,
				166072EE987C37123B1996A1 /* Release */,
			);
			defaultConfigurationIsVisible = 0;
			defaultConfigurationName = Debug;
		};
		0A8948C99088ABE4B304E5AF /* Build configuration list for PBXNativeTarget "InkTutorTests" */ = {
			isa = XCConfigurationList;
			buildConfigurations = (
				0225533DD195E499EEA6C69F /* Debug */,
				528743CC94339F3D15D72A10 /* Release */,
			);
			defaultConfigurationIsVisible = 0;
			defaultConfigurationName = Debug;
		};
		BA84B54C58F74F67A2A08BE6 /* Build configuration list for PBXNativeTarget "InkTutor" */ = {
			isa = XCConfigurationList;
			buildConfigurations = (
				6B713FC17381C36502FC8E7C /* Debug */,
				367205BF55FB0A850C989A39 /* Release */,
			);
			defaultConfigurationIsVisible = 0;
			defaultConfigurationName = Debug;
		};
/* End XCConfigurationList section */

/* Begin XCRemoteSwiftPackageReference section */
		C5CB20B2A8875FADE634F949 /* XCRemoteSwiftPackageReference "SwiftMath" */ = {
			isa = XCRemoteSwiftPackageReference;
			repositoryURL = "https://github.com/mgriebling/SwiftMath";
			requirement = {
				kind = exactVersion;
				version = 1.7.3;
			};
		};
		F0DDA7AF2BA84D26657EAFBF /* XCRemoteSwiftPackageReference "WebRTC" */ = {
			isa = XCRemoteSwiftPackageReference;
			repositoryURL = "https://github.com/stasel/WebRTC.git";
			requirement = {
				kind = exactVersion;
				version = 150.0.0;
			};
		};
/* End XCRemoteSwiftPackageReference section */

/* Begin XCSwiftPackageProductDependency section */
		3B3516D40872201B9DB26222 /* WebRTC */ = {
			isa = XCSwiftPackageProductDependency;
			package = F0DDA7AF2BA84D26657EAFBF /* XCRemoteSwiftPackageReference "WebRTC" */;
			productName = WebRTC;
		};
		54B8B024BD1AABCAB7364844 /* SwiftMath */ = {
			isa = XCSwiftPackageProductDependency;
			package = C5CB20B2A8875FADE634F949 /* XCRemoteSwiftPackageReference "SwiftMath" */;
			productName = SwiftMath;
		};
/* End XCSwiftPackageProductDependency section */
	};
	rootObject = 38F184FC177180796963A9F2 /* Project object */;
}
