{
  "originHash" : "5b815c26a408a3b7c10d51dd49730b507eada65469c1ddaa3b0d57bbc1673977",
  "pins" : [
    {
      "identity" : "swiftmath",
      "kind" : "remoteSourceControl",
      "location" : "https://github.com/mgriebling/SwiftMath",
      "state" : {
        "revision" : "fa8244ed032f4a1ade4cb0571bf87d2f1a9fd2d7",
        "version" : "1.7.3"
      }
    },
    {
      "identity" : "webrtc",
      "kind" : "remoteSourceControl",
      "location" : "https://github.com/stasel/WebRTC.git",
      "state" : {
        "revision" : "6ed87f05368632f71dc95c89c14c051561710925",
        "version" : "150.0.0"
      }
    }
  ],
  "version" : 3
}
